github.com/coder/acp-go-sdk v0.13.5 h1:LI9jq5xon7xslaYlnoktvTVyDlE37yIk2daT7N9ASYk=
github.com/coder/acp-go-sdk v0.13.5/go.mod h1:yKzM/3R9uELp4+nBAwwtkS0aN1FOFjo11CNPy37yFko=
github.com/gorilla/websocket v1.5.3 h1:saDtZ6Pbx/0u+bgYQ3q96pZgCzfhKXGPqt7kZ72aNNg=
github.com/gorilla/websocket v1.5.3/go.mod h1:YR8l580nyteQvAITg2hZ9XVh4b55+EU/adAjf1fMHhE=
